
Microsoft Visual Studio Solution File, Format Version 12.00
# Visual Studio 14
VisualStudioVersion = 14.0.25420.1
MinimumVisualStudioVersion = 10.0.40219.1
Project("{FAE04EC0-301F-11D3-BF4B-00C04F79EFBC}") = "RandomRedditReviewer", "RandomRedditReviewer\RandomRedditReviewer.csproj", "{15617E0D-1092-4E0D-A129-BAC15A8B3C08}"
EndProject
Project("{FAE04EC0-301F-11D3-BF4B-00C04F79EFBC}") = "SubReddit", "SubReddit\SubReddit.csproj", "{8BF72329-9BA4-46C9-9BC6-BC571696C5B9}"
EndProject
Project("{FAE04EC0-301F-11D3-BF4B-00C04F79EFBC}") = "SubRedditViewModel", "SubRedditViewModel\SubRedditViewModel.csproj", "{0C60181B-1BF8-4763-B879-34A5A484D952}"
EndProject
Global
	GlobalSection(SolutionConfigurationPlatforms) = preSolution
		Debug|Any CPU = Debug|Any CPU
		Release|Any CPU = Release|Any CPU
	EndGlobalSection
	GlobalSection(ProjectConfigurationPlatforms) = postSolution
		{15617E0D-1092-4E0D-A129-BAC15A8B3C08}.Debug|Any CPU.ActiveCfg = Debug|Any CPU
		{15617E0D-1092-4E0D-A129-BAC15A8B3C08}.Debug|Any CPU.Build.0 = Debug|Any CPU
		{15617E0D-1092-4E0D-A129-BAC15A8B3C08}.Release|Any CPU.ActiveCfg = Release|Any CPU
		{15617E0D-1092-4E0D-A129-BAC15A8B3C08}.Release|Any CPU.Build.0 = Release|Any CPU
		{8BF72329-9BA4-46C9-9BC6-BC571696C5B9}.Debug|Any CPU.ActiveCfg = Debug|Any CPU
		{8BF72329-9BA4-46C9-9BC6-BC571696C5B9}.Debug|Any CPU.Build.0 = Debug|Any CPU
		{8BF72329-9BA4-46C9-9BC6-BC571696C5B9}.Release|Any CPU.ActiveCfg = Release|Any CPU
		{8BF72329-9BA4-46C9-9BC6-BC571696C5B9}.Release|Any CPU.Build.0 = Release|Any CPU
		{0C60181B-1BF8-4763-B879-34A5A484D952}.Debug|Any CPU.ActiveCfg = Debug|Any CPU
		{0C60181B-1BF8-4763-B879-34A5A484D952}.Debug|Any CPU.Build.0 = Debug|Any CPU
		{0C60181B-1BF8-4763-B879-34A5A484D952}.Release|Any CPU.ActiveCfg = Release|Any CPU
		{0C60181B-1BF8-4763-B879-34A5A484D952}.Release|Any CPU.Build.0 = Release|Any CPU
	EndGlobalSection
	GlobalSection(SolutionProperties) = preSolution
		HideSolutionNode = FALSE
	EndGlobalSection
EndGlobal
